{
    "_readme": [
        "This file locks the dependencies of your project to a known state",
        "Read more about it at https://getcomposer.org/doc/01-basic-usage.md#installing-dependencies",
        "This file is @generated automatically"
    ],
    "content-hash": "9ea7c13a9715857e00e05d10912f6eb9",
    "packages": [
        {
            "name": "yahnis-elsts/plugin-update-checker",
            "version": "v5.7",
            "source": {
                "type": "git",
                "url": "https://github.com/YahnisElsts/plugin-update-checker.git",
                "reference": "275a96a2a18d03c34c87f35cb68673c8c49ac3b1"
            },
            "dist": {
                "type": "zip",
                "url": "https://api.github.com/repos/YahnisElsts/plugin-update-checker/zipball/275a96a2a18d03c34c87f35cb68673c8c49ac3b1",
                "reference": "275a96a2a18d03c34c87f35cb68673c8c49ac3b1",
                "shasum": ""
            },
            "require": {
                "ext-json": "*",
                "php": ">=5.6.20"
            },
            "type": "library",
            "autoload": {
                "files": [
                    "load-v5p7.php"
                ]
            },
            "notification-url": "https://packagist.org/downloads/",
            "license": [
                "MIT"
            ],
            "authors": [
                {
                    "name": "Yahnis Elsts",
                    "email": "whiteshadow@w-shadow.com",
                    "homepage": "https://w-shadow.com/",
                    "role": "Developer"
                }
            ],
            "description": "A custom update checker for WordPress plugins and themes. Useful if you can't host your plugin in the official WP repository but still want it to support automatic updates.",
            "homepage": "https://github.com/YahnisElsts/plugin-update-checker/",
            "keywords": [
                "automatic updates",
                "plugin updates",
                "theme updates",
                "wordpress"
            ],
            "support": {
                "issues": "https://github.com/YahnisElsts/plugin-update-checker/issues",
                "source": "https://github.com/YahnisElsts/plugin-update-checker/tree/v5.7"
            },
            "time": "2026-05-26T12:48:45+00:00"
        }
    ],
    "packages-dev": [
        {
            "name": "bizbudding/deployable-guard",
            "version": "v1.0.0",
            "source": {
                "type": "git",
                "url": "https://github.com/bizbudding/deployable-guard.git",
                "reference": "e6612c5b0146ea42e775d8423527776c17a02d31"
            },
            "dist": {
                "type": "zip",
                "url": "https://api.github.com/repos/bizbudding/deployable-guard/zipball/e6612c5b0146ea42e775d8423527776c17a02d31",
                "reference": "e6612c5b0146ea42e775d8423527776c17a02d31",
                "shasum": ""
            },
            "require": {
                "php": ">=8.1"
            },
            "require-dev": {
                "phpunit/phpunit": "^10 || ^11 || ^12"
            },
            "bin": [
                "bin/deployable-guard"
            ],
            "type": "library",
            "autoload": {
                "psr-4": {
                    "Bizbudding\\DeployableGuard\\": "src/"
                }
            },
            "scripts": {
                "test": [
                    "phpunit"
                ]
            },
            "license": [
                "GPL-2.0-or-later"
            ],
            "description": "Verify a committed composer autoloader is deployable as a raw git tree; self-installs a pre-commit hook + CI check.",
            "support": {
                "source": "https://github.com/bizbudding/deployable-guard/tree/v1.0.0",
                "issues": "https://github.com/bizbudding/deployable-guard/issues"
            },
            "time": "2026-07-08T17:24:15+00:00"
        }
    ],
    "aliases": [],
    "minimum-stability": "stable",
    "stability-flags": {},
    "prefer-stable": false,
    "prefer-lowest": false,
    "platform": {},
    "platform-dev": {},
    "plugin-api-version": "2.9.0"
}
